<?xml version="1.0" encoding="utf-8"?>
<Project ToolsVersion="4.0" xmlns="http://schemas.microsoft.com/developer/msbuild/2003">
  <ItemGroup>
    <Filter Include="src">
      <UniqueIdentifier>{4FC737F1-C7A5-4376-A066-2A32D752A2FF}</UniqueIdentifier>
      <Extensions>cpp;c;cc;cxx;c++;cppm;ixx;def;odl;idl;hpj;bat;asm;asmx</Extensions>
    </Filter>
    <Filter Include="src\api">
      <UniqueIdentifier>{fbcf012f-7202-46c3-b381-69a543e0772a}</UniqueIdentifier>
    </Filter>
    <Filter Include="src\Interface">
      <UniqueIdentifier>{50746b05-494b-412a-8fd1-b11521dd2f73}</UniqueIdentifier>
    </Filter>
    <Filter Include="src\imgui">
      <UniqueIdentifier>{1797db4e-e2d4-44d4-9605-6a95c1eb5d35}</UniqueIdentifier>
    </Filter>
    <Filter Include="src\scripts">
      <UniqueIdentifier>{ca553d36-cd9e-46a7-919b-e57f1a04396e}</UniqueIdentifier>
    </Filter>
    <Filter Include="src\Window">
      <UniqueIdentifier>{60540041-3bdc-4bda-9fc5-f28557a4d458}</UniqueIdentifier>
    </Filter>
  </ItemGroup>
  <ItemGroup>
    <ClInclude Include="vendor\imgui\imconfig.h">
      <Filter>src\imgui</Filter>
    </ClInclude>
    <ClInclude Include="vendor\imgui\imgui.h">
      <Filter>src\imgui</Filter>
    </ClInclude>
    <ClInclude Include="vendor\imgui\imgui_custom.h">
      <Filter>src\imgui</Filter>
    </ClInclude>
    <ClInclude Include="vendor\imgui\imgui_impl_dx9.h">
      <Filter>src\imgui</Filter>
    </ClInclude>
    <ClInclude Include="vendor\imgui\imgui_impl_win32.h">
      <Filter>src\imgui</Filter>
    </ClInclude>
    <ClInclude Include="vendor\imgui\imgui_internal.h">
      <Filter>src\imgui</Filter>
    </ClInclude>
    <ClInclude Include="vendor\imgui\imstb_rectpack.h">
      <Filter>src\imgui</Filter>
    </ClInclude>
    <ClInclude Include="vendor\imgui\imstb_textedit.h">
      <Filter>src\imgui</Filter>
    </ClInclude>
    <ClInclude Include="vendor\imgui\imstb_truetype.h">
      <Filter>src\imgui</Filter>
    </ClInclude>
    <ClInclude Include="scripts\resource.h">
      <Filter>src\scripts</Filter>
    </ClInclude>
    <ClInclude Include="src\window\Framework.hpp">
      <Filter>src\Window</Filter>
    </ClInclude>
    <ClInclude Include="src\interface\BlacklistPanel.h">
      <Filter>src\Interface</Filter>
    </ClInclude>
    <ClInclude Include="src\interface\ChatPanel.h">
      <Filter>src\Interface</Filter>
    </ClInclude>
    <ClInclude Include="src\interface\SessionsPanel.h">
      <Filter>src\Interface</Filter>
    </ClInclude>
    <ClInclude Include="src\interface\FilesPanel.h">
      <Filter>src\Interface</Filter>
    </ClInclude>
    <ClInclude Include="src\interface\LicensePanel.h">
      <Filter>src\Interface</Filter>
    </ClInclude>
    <ClInclude Include="src\interface\SettingsPanel.h">
      <Filter>src\Interface</Filter>
    </ClInclude>
    <ClInclude Include="src\interface\SubscriptionsPanel.h">
      <Filter>src\Interface</Filter>
    </ClInclude>
    <ClInclude Include="src\interface\UsersPanel.h">
      <Filter>src\Interface</Filter>
    </ClInclude>
    <ClInclude Include="src\interface\VariablesPanel.h">
      <Filter>src\Interface</Filter>
    </ClInclude>
    <ClInclude Include="src\interface\WebhooksPanel.h">
      <Filter>src\Interface</Filter>
    </ClInclude>
    <ClInclude Include="src\Bytes.hpp">
      <Filter>src\Window</Filter>
    </ClInclude>
    <ClInclude Include="src\api\Requests.hpp">
      <Filter>src\api</Filter>
    </ClInclude>
    <ClInclude Include="src\api\SellerApi.hpp">
      <Filter>src\api</Filter>
    </ClInclude>
    <ClInclude Include="src\config.hpp" />
    <ClInclude Include="src\interface\other\helpers.hpp" />
  </ItemGroup>
  <ItemGroup>
    <ClCompile Include="src\Main.cpp">
      <Filter>src</Filter>
    </ClCompile>
    <ClCompile Include="vendor\imgui\imgui.cpp">
      <Filter>src\imgui</Filter>
    </ClCompile>
    <ClCompile Include="vendor\imgui\imgui_demo.cpp">
      <Filter>src\imgui</Filter>
    </ClCompile>
    <ClCompile Include="vendor\imgui\imgui_draw.cpp">
      <Filter>src\imgui</Filter>
    </ClCompile>
    <ClCompile Include="vendor\imgui\imgui_impl_dx9.cpp">
      <Filter>src\imgui</Filter>
    </ClCompile>
    <ClCompile Include="vendor\imgui\imgui_impl_win32.cpp">
      <Filter>src\imgui</Filter>
    </ClCompile>
    <ClCompile Include="vendor\imgui\imgui_tables.cpp">
      <Filter>src\imgui</Filter>
    </ClCompile>
    <ClCompile Include="vendor\imgui\imgui_widgets.cpp">
      <Filter>src\imgui</Filter>
    </ClCompile>
    <ClCompile Include="src\api\Requests.cpp">
      <Filter>src\api</Filter>
    </ClCompile>
    <ClCompile Include="src\window\Framework.cpp">
      <Filter>src\Window</Filter>
    </ClCompile>
    <ClCompile Include="src\interface\other\helpers.cpp">
      <Filter>src</Filter>
    </ClCompile>
  </ItemGroup>
  <ItemGroup>
    <ResourceCompile Include="scripts\script.rc">
      <Filter>src\scripts</Filter>
    </ResourceCompile>
  </ItemGroup>
</Project>